
Microsoft Visual Studio Solution File, Format Version 12.00
# Visual Studio 2013
VisualStudioVersion = 12.0.30501.0
MinimumVisualStudioVersion = 10.0.40219.1
Project("{2150E333-8FDC-42A3-9474-1A3956D46DE8}") = "SnapDotNet.Core", "SnapDotNet.Core", "{F9870B4E-8AFF-4477-851C-FA1073EA9BF2}"
EndProject
Project("{2150E333-8FDC-42A3-9474-1A3956D46DE8}") = "Tests", "Tests", "{1559A670-DFBA-4E74-9A7A-F9FC974C7CEB}"
EndProject
Project("{FAE04EC0-301F-11D3-BF4B-00C04F79EFBC}") = "SnapDotNet.Core.Snapchat.Api.Tests", "SnapDotNet.Core.Snapchat.Api.Tests\SnapDotNet.Core.Snapchat.Api.Tests.csproj", "{194757E6-0DFF-4CF2-BFFB-7625B1A2F789}"
EndProject
Project("{2150E333-8FDC-42A3-9474-1A3956D46DE8}") = "SnapDotNet.Azure", "SnapDotNet.Azure", "{250C29F0-AF9A-4F43-915A-EF5F4AA26890}"
	ProjectSection(SolutionItems) = preProject
		DatabaseDesign.txt = DatabaseDesign.txt
	EndProjectSection
EndProject
Project("{FAE04EC0-301F-11D3-BF4B-00C04F79EFBC}") = "SnapDotNet.Core.Miscellaneous", "SnapDotNet.Core.Miscellaneous\SnapDotNet.Core.Miscellaneous.csproj", "{43F7F39F-37E3-4A7B-8C5E-B9B93A4ACE65}"
EndProject
Project("{FAE04EC0-301F-11D3-BF4B-00C04F79EFBC}") = "SnapDotNet.Core.Snapchat", "SnapDotNet.Core.Snapchat\SnapDotNet.Core.Snapchat.csproj", "{E53AF6A8-4ECB-4E70-8EE9-6E65D3AA6A79}"
EndProject
Project("{2150E333-8FDC-42A3-9474-1A3956D46DE8}") = ".nuget", ".nuget", "{B675F934-7B2C-4756-A33A-C76ACFBE4AA3}"
	ProjectSection(SolutionItems) = preProject
		.nuget\NuGet.Config = .nuget\NuGet.Config
		.nuget\NuGet.exe = .nuget\NuGet.exe
		.nuget\NuGet.targets = .nuget\NuGet.targets
	EndProjectSection
EndProject
Project("{2150E333-8FDC-42A3-9474-1A3956D46DE8}") = "Snapchat", "Snapchat", "{91EFE32B-A9A1-4394-A5E4-6E3891B388B6}"
EndProject
Project("{FAE04EC0-301F-11D3-BF4B-00C04F79EFBC}") = "Snapchat.WindowsPhone", "Snapchat.WindowsPhone\Snapchat.WindowsPhone.csproj", "{29B29605-215D-41C9-B083-30B85532C13F}"
EndProject
Project("{D954291E-2A0B-460D-934E-DC6B0785DB48}") = "Snapchat.Shared", "Snapchat.Shared\Snapchat.Shared.shproj", "{0099AB56-AED8-44A1-9FAD-DD8952559C61}"
EndProject
Project("{FAE04EC0-301F-11D3-BF4B-00C04F79EFBC}") = "SnapDotNet.Azure.Web", "SnapDotNet.Azure.Web\SnapDotNet.Azure.Web.csproj", "{D537CA47-C995-4F77-9479-0406698796E2}"
EndProject
Project("{FAE04EC0-301F-11D3-BF4B-00C04F79EFBC}") = "SnapDotNet.Azure.MobileService", "SnapDotNet.Azure.MobileService\SnapDotNet.Azure.MobileService.csproj", "{4E074C21-227F-42DB-ABF5-808432763C04}"
EndProject
Project("{FAE04EC0-301F-11D3-BF4B-00C04F79EFBC}") = "Snapchat.BackgroundPushTask", "Snapchat.BackgroundPushTask\Snapchat.BackgroundPushTask.csproj", "{04191004-6108-442E-A03B-6BA5596E7EEB}"
EndProject
Global
	GlobalSection(SharedMSBuildProjectFiles) = preSolution
		Snapchat.Shared\Snapchat.Shared.projitems*{29b29605-215d-41c9-b083-30b85532c13f}*SharedItemsImports = 4
		Snapchat.Shared\Snapchat.Shared.projitems*{0099ab56-aed8-44a1-9fad-dd8952559c61}*SharedItemsImports = 13
	EndGlobalSection
	GlobalSection(SolutionConfigurationPlatforms) = preSolution
		Debug|Any CPU = Debug|Any CPU
		Debug|ARM = Debug|ARM
		Debug|x86 = Debug|x86
		Release|Any CPU = Release|Any CPU
		Release|ARM = Release|ARM
		Release|x86 = Release|x86
	EndGlobalSection
	GlobalSection(ProjectConfigurationPlatforms) = postSolution
		{194757E6-0DFF-4CF2-BFFB-7625B1A2F789}.Debug|Any CPU.ActiveCfg = Debug|Any CPU
		{194757E6-0DFF-4CF2-BFFB-7625B1A2F789}.Debug|ARM.ActiveCfg = Debug|ARM
		{194757E6-0DFF-4CF2-BFFB-7625B1A2F789}.Debug|ARM.Build.0 = Debug|ARM
		{194757E6-0DFF-4CF2-BFFB-7625B1A2F789}.Debug|ARM.Deploy.0 = Debug|ARM
		{194757E6-0DFF-4CF2-BFFB-7625B1A2F789}.Debug|x86.ActiveCfg = Debug|x86
		{194757E6-0DFF-4CF2-BFFB-7625B1A2F789}.Debug|x86.Build.0 = Debug|x86
		{194757E6-0DFF-4CF2-BFFB-7625B1A2F789}.Debug|x86.Deploy.0 = Debug|x86
		{194757E6-0DFF-4CF2-BFFB-7625B1A2F789}.Release|Any CPU.ActiveCfg = Release|Any CPU
		{194757E6-0DFF-4CF2-BFFB-7625B1A2F789}.Release|ARM.ActiveCfg = Release|ARM
		{194757E6-0DFF-4CF2-BFFB-7625B1A2F789}.Release|ARM.Build.0 = Release|ARM
		{194757E6-0DFF-4CF2-BFFB-7625B1A2F789}.Release|ARM.Deploy.0 = Release|ARM
		{194757E6-0DFF-4CF2-BFFB-7625B1A2F789}.Release|x86.ActiveCfg = Release|x86
		{194757E6-0DFF-4CF2-BFFB-7625B1A2F789}.Release|x86.Build.0 = Release|x86
		{194757E6-0DFF-4CF2-BFFB-7625B1A2F789}.Release|x86.Deploy.0 = Release|x86
		{43F7F39F-37E3-4A7B-8C5E-B9B93A4ACE65}.Debug|Any CPU.ActiveCfg = Debug|Any CPU
		{43F7F39F-37E3-4A7B-8C5E-B9B93A4ACE65}.Debug|Any CPU.Build.0 = Debug|Any CPU
		{43F7F39F-37E3-4A7B-8C5E-B9B93A4ACE65}.Debug|ARM.ActiveCfg = Debug|Any CPU
		{43F7F39F-37E3-4A7B-8C5E-B9B93A4ACE65}.Debug|x86.ActiveCfg = Debug|Any CPU
		{43F7F39F-37E3-4A7B-8C5E-B9B93A4ACE65}.Release|Any CPU.ActiveCfg = Release|Any CPU
		{43F7F39F-37E3-4A7B-8C5E-B9B93A4ACE65}.Release|ARM.ActiveCfg = Release|Any CPU
		{43F7F39F-37E3-4A7B-8C5E-B9B93A4ACE65}.Release|x86.ActiveCfg = Release|Any CPU
		{E53AF6A8-4ECB-4E70-8EE9-6E65D3AA6A79}.Debug|Any CPU.ActiveCfg = Debug|Any CPU
		{E53AF6A8-4ECB-4E70-8EE9-6E65D3AA6A79}.Debug|Any CPU.Build.0 = Debug|Any CPU
		{E53AF6A8-4ECB-4E70-8EE9-6E65D3AA6A79}.Debug|ARM.ActiveCfg = Debug|Any CPU
		{E53AF6A8-4ECB-4E70-8EE9-6E65D3AA6A79}.Debug|x86.ActiveCfg = Debug|Any CPU
		{E53AF6A8-4ECB-4E70-8EE9-6E65D3AA6A79}.Release|Any CPU.ActiveCfg = Release|Any CPU
		{E53AF6A8-4ECB-4E70-8EE9-6E65D3AA6A79}.Release|ARM.ActiveCfg = Release|Any CPU
		{E53AF6A8-4ECB-4E70-8EE9-6E65D3AA6A79}.Release|x86.ActiveCfg = Release|Any CPU
		{29B29605-215D-41C9-B083-30B85532C13F}.Debug|Any CPU.ActiveCfg = Debug|Any CPU
		{29B29605-215D-41C9-B083-30B85532C13F}.Debug|Any CPU.Build.0 = Debug|Any CPU
		{29B29605-215D-41C9-B083-30B85532C13F}.Debug|Any CPU.Deploy.0 = Debug|Any CPU
		{29B29605-215D-41C9-B083-30B85532C13F}.Debug|ARM.ActiveCfg = Debug|x86
		{29B29605-215D-41C9-B083-30B85532C13F}.Debug|ARM.Build.0 = Debug|x86
		{29B29605-215D-41C9-B083-30B85532C13F}.Debug|ARM.Deploy.0 = Debug|x86
		{29B29605-215D-41C9-B083-30B85532C13F}.Debug|x86.ActiveCfg = Debug|x86
		{29B29605-215D-41C9-B083-30B85532C13F}.Debug|x86.Build.0 = Debug|x86
		{29B29605-215D-41C9-B083-30B85532C13F}.Debug|x86.Deploy.0 = Debug|x86
		{29B29605-215D-41C9-B083-30B85532C13F}.Release|Any CPU.ActiveCfg = Release|Any CPU
		{29B29605-215D-41C9-B083-30B85532C13F}.Release|Any CPU.Build.0 = Release|Any CPU
		{29B29605-215D-41C9-B083-30B85532C13F}.Release|Any CPU.Deploy.0 = Release|Any CPU
		{29B29605-215D-41C9-B083-30B85532C13F}.Release|ARM.ActiveCfg = Release|ARM
		{29B29605-215D-41C9-B083-30B85532C13F}.Release|ARM.Build.0 = Release|ARM
		{29B29605-215D-41C9-B083-30B85532C13F}.Release|ARM.Deploy.0 = Release|ARM
		{29B29605-215D-41C9-B083-30B85532C13F}.Release|x86.ActiveCfg = Release|x86
		{29B29605-215D-41C9-B083-30B85532C13F}.Release|x86.Build.0 = Release|x86
		{29B29605-215D-41C9-B083-30B85532C13F}.Release|x86.Deploy.0 = Release|x86
		{D537CA47-C995-4F77-9479-0406698796E2}.Debug|Any CPU.ActiveCfg = Debug|Any CPU
		{D537CA47-C995-4F77-9479-0406698796E2}.Debug|ARM.ActiveCfg = Debug|Any CPU
		{D537CA47-C995-4F77-9479-0406698796E2}.Debug|x86.ActiveCfg = Debug|Any CPU
		{D537CA47-C995-4F77-9479-0406698796E2}.Release|Any CPU.ActiveCfg = Release|Any CPU
		{D537CA47-C995-4F77-9479-0406698796E2}.Release|Any CPU.Build.0 = Release|Any CPU
		{D537CA47-C995-4F77-9479-0406698796E2}.Release|ARM.ActiveCfg = Release|Any CPU
		{D537CA47-C995-4F77-9479-0406698796E2}.Release|x86.ActiveCfg = Release|Any CPU
		{4E074C21-227F-42DB-ABF5-808432763C04}.Debug|Any CPU.ActiveCfg = Debug|Any CPU
		{4E074C21-227F-42DB-ABF5-808432763C04}.Debug|Any CPU.Build.0 = Debug|Any CPU
		{4E074C21-227F-42DB-ABF5-808432763C04}.Debug|ARM.ActiveCfg = Debug|Any CPU
		{4E074C21-227F-42DB-ABF5-808432763C04}.Debug|x86.ActiveCfg = Debug|Any CPU
		{4E074C21-227F-42DB-ABF5-808432763C04}.Release|Any CPU.ActiveCfg = Release|Any CPU
		{4E074C21-227F-42DB-ABF5-808432763C04}.Release|Any CPU.Build.0 = Release|Any CPU
		{4E074C21-227F-42DB-ABF5-808432763C04}.Release|ARM.ActiveCfg = Release|Any CPU
		{4E074C21-227F-42DB-ABF5-808432763C04}.Release|x86.ActiveCfg = Release|Any CPU
		{04191004-6108-442E-A03B-6BA5596E7EEB}.Debug|Any CPU.ActiveCfg = Debug|Any CPU
		{04191004-6108-442E-A03B-6BA5596E7EEB}.Debug|Any CPU.Build.0 = Debug|Any CPU
		{04191004-6108-442E-A03B-6BA5596E7EEB}.Debug|ARM.ActiveCfg = Debug|Any CPU
		{04191004-6108-442E-A03B-6BA5596E7EEB}.Debug|x86.ActiveCfg = Debug|Any CPU
		{04191004-6108-442E-A03B-6BA5596E7EEB}.Release|Any CPU.ActiveCfg = Release|Any CPU
		{04191004-6108-442E-A03B-6BA5596E7EEB}.Release|Any CPU.Build.0 = Release|Any CPU
		{04191004-6108-442E-A03B-6BA5596E7EEB}.Release|ARM.ActiveCfg = Release|Any CPU
		{04191004-6108-442E-A03B-6BA5596E7EEB}.Release|x86.ActiveCfg = Release|Any CPU
	EndGlobalSection
	GlobalSection(SolutionProperties) = preSolution
		HideSolutionNode = FALSE
	EndGlobalSection
	GlobalSection(NestedProjects) = preSolution
		{1559A670-DFBA-4E74-9A7A-F9FC974C7CEB} = {F9870B4E-8AFF-4477-851C-FA1073EA9BF2}
		{194757E6-0DFF-4CF2-BFFB-7625B1A2F789} = {1559A670-DFBA-4E74-9A7A-F9FC974C7CEB}
		{43F7F39F-37E3-4A7B-8C5E-B9B93A4ACE65} = {F9870B4E-8AFF-4477-851C-FA1073EA9BF2}
		{E53AF6A8-4ECB-4E70-8EE9-6E65D3AA6A79} = {F9870B4E-8AFF-4477-851C-FA1073EA9BF2}
		{29B29605-215D-41C9-B083-30B85532C13F} = {91EFE32B-A9A1-4394-A5E4-6E3891B388B6}
		{0099AB56-AED8-44A1-9FAD-DD8952559C61} = {91EFE32B-A9A1-4394-A5E4-6E3891B388B6}
		{D537CA47-C995-4F77-9479-0406698796E2} = {250C29F0-AF9A-4F43-915A-EF5F4AA26890}
		{4E074C21-227F-42DB-ABF5-808432763C04} = {250C29F0-AF9A-4F43-915A-EF5F4AA26890}
		{04191004-6108-442E-A03B-6BA5596E7EEB} = {91EFE32B-A9A1-4394-A5E4-6E3891B388B6}
	EndGlobalSection
EndGlobal
