
Microsoft Visual Studio Solution File, Format Version 12.00
# Visual Studio 2013
VisualStudioVersion = 12.0.30324.0
MinimumVisualStudioVersion = 10.0.40219.1
Project("{2150E333-8FDC-42A3-9474-1A3956D46DE8}") = "SnapDotNet.Core", "SnapDotNet.Core", "{F9870B4E-8AFF-4477-851C-FA1073EA9BF2}"
EndProject
Project("{2150E333-8FDC-42A3-9474-1A3956D46DE8}") = "SnapDotNet.Apps", "SnapDotNet.Apps", "{3A1AB068-0B25-492A-AC10-C47F98392F7A}"
EndProject
Project("{FAE04EC0-301F-11D3-BF4B-00C04F79EFBC}") = "SnapDotNet.Core.Snapchat.Models", "SnapDotNet.Core.Snapchat.Models\SnapDotNet.Core.Snapchat.Models.csproj", "{3C6638CF-75E9-494D-AF5A-6F64BC5C4F9E}"
EndProject
Project("{2150E333-8FDC-42A3-9474-1A3956D46DE8}") = "Snapchat", "Snapchat", "{B13E0700-E76D-4401-8295-5233370E0841}"
EndProject
Project("{2150E333-8FDC-42A3-9474-1A3956D46DE8}") = "Miscellaneous", "Miscellaneous", "{810D39C3-0100-4FA2-992B-ABFE04EA2F21}"
EndProject
Project("{D954291E-2A0B-460D-934E-DC6B0785DB48}") = "SnapDotNet.Shared", "SnapDotNet.Shared\SnapDotNet.Shared.shproj", "{886DB274-BACA-4986-AF5F-57D786DFCF2D}"
EndProject
Project("{FAE04EC0-301F-11D3-BF4B-00C04F79EFBC}") = "SnapDotNet.Windows", "SnapDotNet.Windows\SnapDotNet.Windows.csproj", "{1B26E745-508E-4C01-BB08-18B3EF0F55B1}"
EndProject
Project("{FAE04EC0-301F-11D3-BF4B-00C04F79EFBC}") = "SnapDotNet.WindowsPhone", "SnapDotNet.WindowsPhone\SnapDotNet.WindowsPhone.csproj", "{A92F4564-8F8B-4E84-998E-748484BE45F3}"
EndProject
Project("{FAE04EC0-301F-11D3-BF4B-00C04F79EFBC}") = "SnapDotNet.Miscellaneous.Models", "SnapDotNet.Miscellaneous.Models\SnapDotNet.Miscellaneous.Models.csproj", "{AADFDACF-81A3-4DE7-ACDD-AED7F328F26C}"
EndProject
Project("{FAE04EC0-301F-11D3-BF4B-00C04F79EFBC}") = "SnapDotNet.Core.Snapchat.Api", "SnapDotNet.Core.Snapchat.Api\SnapDotNet.Core.Snapchat.Api.csproj", "{DF095A52-69BA-4344-8D58-BEF13A8C2FCB}"
EndProject
Project("{FAE04EC0-301F-11D3-BF4B-00C04F79EFBC}") = "SnapDotNet.Miscellaneous.Crypto", "SnapDotnet.Miscellaneous.Crypto\SnapDotNet.Miscellaneous.Crypto.csproj", "{5CF607AE-B304-416A-93EF-2E0218306ABB}"
EndProject
Project("{2150E333-8FDC-42A3-9474-1A3956D46DE8}") = "Tests", "Tests", "{1559A670-DFBA-4E74-9A7A-F9FC974C7CEB}"
EndProject
Project("{FAE04EC0-301F-11D3-BF4B-00C04F79EFBC}") = "SnapDotNet.Core.Snapchat.Api.Tests", "SnapDotNet.Core.Snapchat.Api.Tests\SnapDotNet.Core.Snapchat.Api.Tests.csproj", "{4CDB9B32-D2DD-42A3-8A0F-6D26C2F59095}"
EndProject
Global
	GlobalSection(SharedMSBuildProjectFiles) = preSolution
		SnapDotNet.Shared\SnapDotNet.Shared.projitems*{a92f4564-8f8b-4e84-998e-748484be45f3}*SharedItemsImports = 4
		SnapDotNet.Shared\SnapDotNet.Shared.projitems*{1b26e745-508e-4c01-bb08-18b3ef0f55b1}*SharedItemsImports = 4
		SnapDotNet.Shared\SnapDotNet.Shared.projitems*{886db274-baca-4986-af5f-57d786dfcf2d}*SharedItemsImports = 13
	EndGlobalSection
	GlobalSection(SolutionConfigurationPlatforms) = preSolution
		Debug|Any CPU = Debug|Any CPU
		Debug|ARM = Debug|ARM
		Debug|x64 = Debug|x64
		Debug|x86 = Debug|x86
		Release|Any CPU = Release|Any CPU
		Release|ARM = Release|ARM
		Release|x64 = Release|x64
		Release|x86 = Release|x86
	EndGlobalSection
	GlobalSection(ProjectConfigurationPlatforms) = postSolution
		{3C6638CF-75E9-494D-AF5A-6F64BC5C4F9E}.Debug|Any CPU.ActiveCfg = Debug|Any CPU
		{3C6638CF-75E9-494D-AF5A-6F64BC5C4F9E}.Debug|Any CPU.Build.0 = Debug|Any CPU
		{3C6638CF-75E9-494D-AF5A-6F64BC5C4F9E}.Debug|ARM.ActiveCfg = Debug|Any CPU
		{3C6638CF-75E9-494D-AF5A-6F64BC5C4F9E}.Debug|x64.ActiveCfg = Debug|Any CPU
		{3C6638CF-75E9-494D-AF5A-6F64BC5C4F9E}.Debug|x86.ActiveCfg = Debug|Any CPU
		{3C6638CF-75E9-494D-AF5A-6F64BC5C4F9E}.Release|Any CPU.ActiveCfg = Release|Any CPU
		{3C6638CF-75E9-494D-AF5A-6F64BC5C4F9E}.Release|Any CPU.Build.0 = Release|Any CPU
		{3C6638CF-75E9-494D-AF5A-6F64BC5C4F9E}.Release|ARM.ActiveCfg = Release|Any CPU
		{3C6638CF-75E9-494D-AF5A-6F64BC5C4F9E}.Release|x64.ActiveCfg = Release|Any CPU
		{3C6638CF-75E9-494D-AF5A-6F64BC5C4F9E}.Release|x86.ActiveCfg = Release|Any CPU
		{1B26E745-508E-4C01-BB08-18B3EF0F55B1}.Debug|Any CPU.ActiveCfg = Debug|Any CPU
		{1B26E745-508E-4C01-BB08-18B3EF0F55B1}.Debug|Any CPU.Build.0 = Debug|Any CPU
		{1B26E745-508E-4C01-BB08-18B3EF0F55B1}.Debug|Any CPU.Deploy.0 = Debug|Any CPU
		{1B26E745-508E-4C01-BB08-18B3EF0F55B1}.Debug|ARM.ActiveCfg = Debug|ARM
		{1B26E745-508E-4C01-BB08-18B3EF0F55B1}.Debug|ARM.Build.0 = Debug|ARM
		{1B26E745-508E-4C01-BB08-18B3EF0F55B1}.Debug|ARM.Deploy.0 = Debug|ARM
		{1B26E745-508E-4C01-BB08-18B3EF0F55B1}.Debug|x64.ActiveCfg = Debug|x64
		{1B26E745-508E-4C01-BB08-18B3EF0F55B1}.Debug|x64.Build.0 = Debug|x64
		{1B26E745-508E-4C01-BB08-18B3EF0F55B1}.Debug|x64.Deploy.0 = Debug|x64
		{1B26E745-508E-4C01-BB08-18B3EF0F55B1}.Debug|x86.ActiveCfg = Debug|x86
		{1B26E745-508E-4C01-BB08-18B3EF0F55B1}.Debug|x86.Build.0 = Debug|x86
		{1B26E745-508E-4C01-BB08-18B3EF0F55B1}.Debug|x86.Deploy.0 = Debug|x86
		{1B26E745-508E-4C01-BB08-18B3EF0F55B1}.Release|Any CPU.ActiveCfg = Release|Any CPU
		{1B26E745-508E-4C01-BB08-18B3EF0F55B1}.Release|Any CPU.Build.0 = Release|Any CPU
		{1B26E745-508E-4C01-BB08-18B3EF0F55B1}.Release|Any CPU.Deploy.0 = Release|Any CPU
		{1B26E745-508E-4C01-BB08-18B3EF0F55B1}.Release|ARM.ActiveCfg = Release|ARM
		{1B26E745-508E-4C01-BB08-18B3EF0F55B1}.Release|ARM.Build.0 = Release|ARM
		{1B26E745-508E-4C01-BB08-18B3EF0F55B1}.Release|ARM.Deploy.0 = Release|ARM
		{1B26E745-508E-4C01-BB08-18B3EF0F55B1}.Release|x64.ActiveCfg = Release|x64
		{1B26E745-508E-4C01-BB08-18B3EF0F55B1}.Release|x64.Build.0 = Release|x64
		{1B26E745-508E-4C01-BB08-18B3EF0F55B1}.Release|x64.Deploy.0 = Release|x64
		{1B26E745-508E-4C01-BB08-18B3EF0F55B1}.Release|x86.ActiveCfg = Release|x86
		{1B26E745-508E-4C01-BB08-18B3EF0F55B1}.Release|x86.Build.0 = Release|x86
		{1B26E745-508E-4C01-BB08-18B3EF0F55B1}.Release|x86.Deploy.0 = Release|x86
		{A92F4564-8F8B-4E84-998E-748484BE45F3}.Debug|Any CPU.ActiveCfg = Debug|Any CPU
		{A92F4564-8F8B-4E84-998E-748484BE45F3}.Debug|Any CPU.Build.0 = Debug|Any CPU
		{A92F4564-8F8B-4E84-998E-748484BE45F3}.Debug|Any CPU.Deploy.0 = Debug|Any CPU
		{A92F4564-8F8B-4E84-998E-748484BE45F3}.Debug|ARM.ActiveCfg = Debug|ARM
		{A92F4564-8F8B-4E84-998E-748484BE45F3}.Debug|ARM.Build.0 = Debug|ARM
		{A92F4564-8F8B-4E84-998E-748484BE45F3}.Debug|ARM.Deploy.0 = Debug|ARM
		{A92F4564-8F8B-4E84-998E-748484BE45F3}.Debug|x64.ActiveCfg = Debug|Any CPU
		{A92F4564-8F8B-4E84-998E-748484BE45F3}.Debug|x86.ActiveCfg = Debug|x86
		{A92F4564-8F8B-4E84-998E-748484BE45F3}.Debug|x86.Build.0 = Debug|x86
		{A92F4564-8F8B-4E84-998E-748484BE45F3}.Debug|x86.Deploy.0 = Debug|x86
		{A92F4564-8F8B-4E84-998E-748484BE45F3}.Release|Any CPU.ActiveCfg = Release|Any CPU
		{A92F4564-8F8B-4E84-998E-748484BE45F3}.Release|Any CPU.Build.0 = Release|Any CPU
		{A92F4564-8F8B-4E84-998E-748484BE45F3}.Release|Any CPU.Deploy.0 = Release|Any CPU
		{A92F4564-8F8B-4E84-998E-748484BE45F3}.Release|ARM.ActiveCfg = Release|ARM
		{A92F4564-8F8B-4E84-998E-748484BE45F3}.Release|ARM.Build.0 = Release|ARM
		{A92F4564-8F8B-4E84-998E-748484BE45F3}.Release|ARM.Deploy.0 = Release|ARM
		{A92F4564-8F8B-4E84-998E-748484BE45F3}.Release|x64.ActiveCfg = Release|Any CPU
		{A92F4564-8F8B-4E84-998E-748484BE45F3}.Release|x86.ActiveCfg = Release|x86
		{A92F4564-8F8B-4E84-998E-748484BE45F3}.Release|x86.Build.0 = Release|x86
		{A92F4564-8F8B-4E84-998E-748484BE45F3}.Release|x86.Deploy.0 = Release|x86
		{AADFDACF-81A3-4DE7-ACDD-AED7F328F26C}.Debug|Any CPU.ActiveCfg = Debug|Any CPU
		{AADFDACF-81A3-4DE7-ACDD-AED7F328F26C}.Debug|Any CPU.Build.0 = Debug|Any CPU
		{AADFDACF-81A3-4DE7-ACDD-AED7F328F26C}.Debug|ARM.ActiveCfg = Debug|Any CPU
		{AADFDACF-81A3-4DE7-ACDD-AED7F328F26C}.Debug|x64.ActiveCfg = Debug|Any CPU
		{AADFDACF-81A3-4DE7-ACDD-AED7F328F26C}.Debug|x86.ActiveCfg = Debug|Any CPU
		{AADFDACF-81A3-4DE7-ACDD-AED7F328F26C}.Release|Any CPU.ActiveCfg = Release|Any CPU
		{AADFDACF-81A3-4DE7-ACDD-AED7F328F26C}.Release|Any CPU.Build.0 = Release|Any CPU
		{AADFDACF-81A3-4DE7-ACDD-AED7F328F26C}.Release|ARM.ActiveCfg = Release|Any CPU
		{AADFDACF-81A3-4DE7-ACDD-AED7F328F26C}.Release|x64.ActiveCfg = Release|Any CPU
		{AADFDACF-81A3-4DE7-ACDD-AED7F328F26C}.Release|x86.ActiveCfg = Release|Any CPU
		{DF095A52-69BA-4344-8D58-BEF13A8C2FCB}.Debug|Any CPU.ActiveCfg = Debug|Any CPU
		{DF095A52-69BA-4344-8D58-BEF13A8C2FCB}.Debug|Any CPU.Build.0 = Debug|Any CPU
		{DF095A52-69BA-4344-8D58-BEF13A8C2FCB}.Debug|ARM.ActiveCfg = Debug|Any CPU
		{DF095A52-69BA-4344-8D58-BEF13A8C2FCB}.Debug|x64.ActiveCfg = Debug|Any CPU
		{DF095A52-69BA-4344-8D58-BEF13A8C2FCB}.Debug|x86.ActiveCfg = Debug|Any CPU
		{DF095A52-69BA-4344-8D58-BEF13A8C2FCB}.Release|Any CPU.ActiveCfg = Release|Any CPU
		{DF095A52-69BA-4344-8D58-BEF13A8C2FCB}.Release|Any CPU.Build.0 = Release|Any CPU
		{DF095A52-69BA-4344-8D58-BEF13A8C2FCB}.Release|ARM.ActiveCfg = Release|Any CPU
		{DF095A52-69BA-4344-8D58-BEF13A8C2FCB}.Release|x64.ActiveCfg = Release|Any CPU
		{DF095A52-69BA-4344-8D58-BEF13A8C2FCB}.Release|x86.ActiveCfg = Release|Any CPU
		{5CF607AE-B304-416A-93EF-2E0218306ABB}.Debug|Any CPU.ActiveCfg = Debug|Any CPU
		{5CF607AE-B304-416A-93EF-2E0218306ABB}.Debug|Any CPU.Build.0 = Debug|Any CPU
		{5CF607AE-B304-416A-93EF-2E0218306ABB}.Debug|ARM.ActiveCfg = Debug|Any CPU
		{5CF607AE-B304-416A-93EF-2E0218306ABB}.Debug|x64.ActiveCfg = Debug|Any CPU
		{5CF607AE-B304-416A-93EF-2E0218306ABB}.Debug|x86.ActiveCfg = Debug|Any CPU
		{5CF607AE-B304-416A-93EF-2E0218306ABB}.Release|Any CPU.ActiveCfg = Release|Any CPU
		{5CF607AE-B304-416A-93EF-2E0218306ABB}.Release|Any CPU.Build.0 = Release|Any CPU
		{5CF607AE-B304-416A-93EF-2E0218306ABB}.Release|ARM.ActiveCfg = Release|Any CPU
		{5CF607AE-B304-416A-93EF-2E0218306ABB}.Release|x64.ActiveCfg = Release|Any CPU
		{5CF607AE-B304-416A-93EF-2E0218306ABB}.Release|x86.ActiveCfg = Release|Any CPU
		{4CDB9B32-D2DD-42A3-8A0F-6D26C2F59095}.Debug|Any CPU.ActiveCfg = Debug|Any CPU
		{4CDB9B32-D2DD-42A3-8A0F-6D26C2F59095}.Debug|Any CPU.Build.0 = Debug|Any CPU
		{4CDB9B32-D2DD-42A3-8A0F-6D26C2F59095}.Debug|ARM.ActiveCfg = Debug|Any CPU
		{4CDB9B32-D2DD-42A3-8A0F-6D26C2F59095}.Debug|x64.ActiveCfg = Debug|Any CPU
		{4CDB9B32-D2DD-42A3-8A0F-6D26C2F59095}.Debug|x86.ActiveCfg = Debug|Any CPU
		{4CDB9B32-D2DD-42A3-8A0F-6D26C2F59095}.Release|Any CPU.ActiveCfg = Release|Any CPU
		{4CDB9B32-D2DD-42A3-8A0F-6D26C2F59095}.Release|Any CPU.Build.0 = Release|Any CPU
		{4CDB9B32-D2DD-42A3-8A0F-6D26C2F59095}.Release|ARM.ActiveCfg = Release|Any CPU
		{4CDB9B32-D2DD-42A3-8A0F-6D26C2F59095}.Release|x64.ActiveCfg = Release|Any CPU
		{4CDB9B32-D2DD-42A3-8A0F-6D26C2F59095}.Release|x86.ActiveCfg = Release|Any CPU
	EndGlobalSection
	GlobalSection(SolutionProperties) = preSolution
		HideSolutionNode = FALSE
	EndGlobalSection
	GlobalSection(NestedProjects) = preSolution
		{3C6638CF-75E9-494D-AF5A-6F64BC5C4F9E} = {B13E0700-E76D-4401-8295-5233370E0841}
		{B13E0700-E76D-4401-8295-5233370E0841} = {F9870B4E-8AFF-4477-851C-FA1073EA9BF2}
		{810D39C3-0100-4FA2-992B-ABFE04EA2F21} = {F9870B4E-8AFF-4477-851C-FA1073EA9BF2}
		{886DB274-BACA-4986-AF5F-57D786DFCF2D} = {3A1AB068-0B25-492A-AC10-C47F98392F7A}
		{1B26E745-508E-4C01-BB08-18B3EF0F55B1} = {3A1AB068-0B25-492A-AC10-C47F98392F7A}
		{A92F4564-8F8B-4E84-998E-748484BE45F3} = {3A1AB068-0B25-492A-AC10-C47F98392F7A}
		{AADFDACF-81A3-4DE7-ACDD-AED7F328F26C} = {810D39C3-0100-4FA2-992B-ABFE04EA2F21}
		{DF095A52-69BA-4344-8D58-BEF13A8C2FCB} = {B13E0700-E76D-4401-8295-5233370E0841}
		{5CF607AE-B304-416A-93EF-2E0218306ABB} = {810D39C3-0100-4FA2-992B-ABFE04EA2F21}
		{1559A670-DFBA-4E74-9A7A-F9FC974C7CEB} = {B13E0700-E76D-4401-8295-5233370E0841}
		{4CDB9B32-D2DD-42A3-8A0F-6D26C2F59095} = {1559A670-DFBA-4E74-9A7A-F9FC974C7CEB}
	EndGlobalSection
EndGlobal
